<?xml version="1.0" encoding="utf-8"?>
<Project ToolsVersion="4.0" xmlns="http://schemas.microsoft.com/developer/msbuild/2003">
  <ItemGroup>
    <Filter Include="Source Dateien">
      <UniqueIdentifier>{4FC737F1-C7A5-4376-A066-2A32D752A2FF}</UniqueIdentifier>
      <Extensions>cpp;cxx;c;def</Extensions>
    </Filter>
    <Filter Include="Header Dateien">
      <UniqueIdentifier>{93995380-89BD-4b04-88EB-625FBE52EBFB}</UniqueIdentifier>
      <Extensions>h</Extensions>
    </Filter>
    <Filter Include="Form Dateien">
      <UniqueIdentifier>{99349809-55BA-4b9d-BF79-8FDBB0286EB3}</UniqueIdentifier>
      <Extensions>ui</Extensions>
    </Filter>
    <Filter Include="Resource Dateien">
      <UniqueIdentifier>{D9D6E242-F8AF-46E4-B9FD-80ECBC20BA3E}</UniqueIdentifier>
      <Extensions>qrc;*</Extensions>
      <ParseFiles>false</ParseFiles>
    </Filter>
    <Filter Include="Generierte Dateien">
      <UniqueIdentifier>{71ED8ED8-ACB9-4CE9-BBE1-E00B30144E11}</UniqueIdentifier>
      <Extensions>moc;h;cpp</Extensions>
      <SourceControlFiles>False</SourceControlFiles>
    </Filter>
    <Filter Include="Generierte Dateien\Debug">
      <UniqueIdentifier>{c37778ee-e3e8-45d4-b71f-9bddf14e798e}</UniqueIdentifier>
      <Extensions>cpp;moc</Extensions>
      <SourceControlFiles>False</SourceControlFiles>
    </Filter>
    <Filter Include="Generierte Dateien\Release">
      <UniqueIdentifier>{a96095b3-e0ff-4a33-884b-d9557b2d2b53}</UniqueIdentifier>
      <Extensions>cpp;moc</Extensions>
      <SourceControlFiles>False</SourceControlFiles>
    </Filter>
  </ItemGroup>
  <ItemGroup>
    <ClCompile Include="thorlabsKinesisPlugin.cpp">
      <Filter>Source Dateien</Filter>
    </ClCompile>
    <ClCompile Include="BDCStage.cpp">
      <Filter>Source Dateien</Filter>
    </ClCompile>
    <ClCompile Include="KVSStage.cpp">
      <Filter>Source Dateien</Filter>
    </ClCompile>
    <ClCompile Include="KinesisDetect.cpp">
      <Filter>Source Dateien</Filter>
    </ClCompile>
    <ClCompile Include="ScanValidation.cpp">
      <Filter>Source Dateien</Filter>
    </ClCompile>
  </ItemGroup>
  <ItemGroup>
    <ClInclude Include="thorlabsKinesisPlugin_global.h">
      <Filter>Header Dateien</Filter>
    </ClInclude>
    <ClInclude Include="BDCStage.h">
      <Filter>Header Dateien</Filter>
    </ClInclude>
    <ClInclude Include="KVSStage.h">
      <Filter>Header Dateien</Filter>
    </ClInclude>
    <ClInclude Include="KinesisDetect.h">
      <Filter>Header Dateien</Filter>
    </ClInclude>
    <ClInclude Include="ScanTypes.h">
      <Filter>Header Dateien</Filter>
    </ClInclude>
    <ClInclude Include="ScanValidation.h">
      <Filter>Header Dateien</Filter>
    </ClInclude>
  </ItemGroup>
  <ItemGroup>
    <QtMoc Include="interfaces.h">
      <Filter>Header Dateien</Filter>
    </QtMoc>
    <QtMoc Include="thorlabsKinesisPlugin.h">
      <Filter>Header Dateien</Filter>
    </QtMoc>
  </ItemGroup>
  <ItemGroup>
    <QtUic Include="thorlabsKinesisPlugin_UI.ui">
      <Filter>Form Dateien</Filter>
    </QtUic>
  </ItemGroup>
</Project>
